// !$*UTF8*$!
{
	archiveVersion = 1;
	classes = {
	};
	objectVersion = 51;
	objects = {

/* Begin PBXBuildFile section */
		0DFC680ED6E490899AF5BCB4 /* Pods_CrystalClearTests.framework in Frameworks */ = {isa = PBXBuildFile; fileRef = 07A4D4429E49E9F2B9A7DF4A /* Pods_CrystalClearTests.framework */; };
		104844C5237D9CFA0089EDA2 /* RoundButton.swift in Sources */ = {isa = PBXBuildFile; fileRef = 104844C4237D9CFA0089EDA2 /* RoundButton.swift */; };
		10AF6F1A2379F43C00C27416 /* CustomTabBar.swift in Sources */ = {isa = PBXBuildFile; fileRef = 10AF6F192379F43C00C27416 /* CustomTabBar.swift */; };
		526FD52C237D8089004151B3 /* MusicPlaybackViewController.swift in Sources */ = {isa = PBXBuildFile; fileRef = 526FD52B237D8089004151B3 /* MusicPlaybackViewController.swift */; };
		3F0138B0237C5F91001C9389 /* Pods_CrystalClear.framework in Frameworks */ = {isa = PBXBuildFile; fileRef = 3F3E4EF4ABF2ABF36545D7F0 /* Pods_CrystalClear.framework */; };
		3F0138B1237C5F91001C9389 /* Pods_CrystalClear.framework in Embed Frameworks */ = {isa = PBXBuildFile; fileRef = 3F3E4EF4ABF2ABF36545D7F0 /* Pods_CrystalClear.framework */; settings = {ATTRIBUTES = (CodeSignOnCopy, RemoveHeadersOnCopy, ); }; };
		3F87088A237DA22C009A1172 /* Card.swift in Sources */ = {isa = PBXBuildFile; fileRef = 3F870889237DA22C009A1172 /* Card.swift */; };
		52972B6823798DF300A95BF2 /* AppDelegate.swift in Sources */ = {isa = PBXBuildFile; fileRef = 52972B6723798DF300A95BF2 /* AppDelegate.swift */; };
		52972B6A23798DF300A95BF2 /* SceneDelegate.swift in Sources */ = {isa = PBXBuildFile; fileRef = 52972B6923798DF300A95BF2 /* SceneDelegate.swift */; };
		52972B6C23798DF300A95BF2 /* FirstViewController.swift in Sources */ = {isa = PBXBuildFile; fileRef = 52972B6B23798DF300A95BF2 /* FirstViewController.swift */; };
		52972B6E23798DF300A95BF2 /* SecondViewController.swift in Sources */ = {isa = PBXBuildFile; fileRef = 52972B6D23798DF300A95BF2 /* SecondViewController.swift */; };
		52972B7123798DF300A95BF2 /* Main.storyboard in Resources */ = {isa = PBXBuildFile; fileRef = 52972B6F23798DF300A95BF2 /* Main.storyboard */; };
		52972B7423798DF300A95BF2 /* CrystalClear.xcdatamodeld in Sources */ = {isa = PBXBuildFile; fileRef = 52972B7223798DF300A95BF2 /* CrystalClear.xcdatamodeld */; };
		52972B7623798DF600A95BF2 /* Assets.xcassets in Resources */ = {isa = PBXBuildFile; fileRef = 52972B7523798DF600A95BF2 /* Assets.xcassets */; };
		52972B7923798DF600A95BF2 /* LaunchScreen.storyboard in Resources */ = {isa = PBXBuildFile; fileRef = 52972B7723798DF600A95BF2 /* LaunchScreen.storyboard */; };
		52972B8423798DF600A95BF2 /* CrystalClearTests.swift in Sources */ = {isa = PBXBuildFile; fileRef = 52972B8323798DF600A95BF2 /* CrystalClearTests.swift */; };
		52972B8F23798DF600A95BF2 /* CrystalClearUITests.swift in Sources */ = {isa = PBXBuildFile; fileRef = 52972B8E23798DF600A95BF2 /* CrystalClearUITests.swift */; };
		52972B9E237B083400A95BF2 /* ES_Thunderstorm Rain 2 - SFX Producer.mp3 in Resources */ = {isa = PBXBuildFile; fileRef = 52972B9D237B083400A95BF2 /* ES_Thunderstorm Rain 2 - SFX Producer.mp3 */; };
		52972BA0237C145D00A95BF2 /* test.mp3 in Resources */ = {isa = PBXBuildFile; fileRef = 52972B9F237C145D00A95BF2 /* test.mp3 */; };
		52972BA4237C3AA000A95BF2 /* bensound-summer.mp3 in Resources */ = {isa = PBXBuildFile; fileRef = 52972BA3237C3AA000A95BF2 /* bensound-summer.mp3 */; };
		D965D775BF797A4ECEE28103 /* Pods_CrystalClear_CrystalClearUITests.framework in Frameworks */ = {isa = PBXBuildFile; fileRef = 5E319129DED3034BB6414B5F /* Pods_CrystalClear_CrystalClearUITests.framework */; };
/* End PBXBuildFile section */

/* Begin PBXContainerItemProxy section */
		52972B8023798DF600A95BF2 /* PBXContainerItemProxy */ = {
			isa = PBXContainerItemProxy;
			containerPortal = 52972B5C23798DF300A95BF2 /* Project object */;
			proxyType = 1;
			remoteGlobalIDString = 52972B6323798DF300A95BF2;
			remoteInfo = CrystalClear;
		};
		52972B8B23798DF600A95BF2 /* PBXContainerItemProxy */ = {
			isa = PBXContainerItemProxy;
			containerPortal = 52972B5C23798DF300A95BF2 /* Project object */;
			proxyType = 1;
			remoteGlobalIDString = 52972B6323798DF300A95BF2;
			remoteInfo = CrystalClear;
		};
/* End PBXContainerItemProxy section */

/* Begin PBXCopyFilesBuildPhase section */
		3F0138B2237C5F91001C9389 /* Embed Frameworks */ = {
			isa = PBXCopyFilesBuildPhase;
			buildActionMask = 2147483647;
			dstPath = "";
			dstSubfolderSpec = 10;
			files = (
				3F0138B1237C5F91001C9389 /* Pods_CrystalClear.framework in Embed Frameworks */,
			);
			name = "Embed Frameworks";
			runOnlyForDeploymentPostprocessing = 0;
		};
/* End PBXCopyFilesBuildPhase section */

/* Begin PBXFileReference section */
		07A4D4429E49E9F2B9A7DF4A /* Pods_CrystalClearTests.framework */ = {isa = PBXFileReference; explicitFileType = wrapper.framework; includeInIndex = 0; path = Pods_CrystalClearTests.framework; sourceTree = BUILT_PRODUCTS_DIR; };
		08E6466C9E65DFBA05E679B4 /* Pods-CrystalClear-CrystalClearUITests.release.xcconfig */ = {isa = PBXFileReference; includeInIndex = 1; lastKnownFileType = text.xcconfig; name = "Pods-CrystalClear-CrystalClearUITests.release.xcconfig"; path = "Target Support Files/Pods-CrystalClear-CrystalClearUITests/Pods-CrystalClear-CrystalClearUITests.release.xcconfig"; sourceTree = "<group>"; };
		0983B66B0CF1FC5EBB6A4207 /* Pods-CrystalClear.release.xcconfig */ = {isa = PBXFileReference; includeInIndex = 1; lastKnownFileType = text.xcconfig; name = "Pods-CrystalClear.release.xcconfig"; path = "Target Support Files/Pods-CrystalClear/Pods-CrystalClear.release.xcconfig"; sourceTree = "<group>"; };
		104844C4237D9CFA0089EDA2 /* RoundButton.swift */ = {isa = PBXFileReference; lastKnownFileType = sourcecode.swift; path = RoundButton.swift; sourceTree = "<group>"; };
		10AF6F192379F43C00C27416 /* CustomTabBar.swift */ = {isa = PBXFileReference; lastKnownFileType = sourcecode.swift; path = CustomTabBar.swift; sourceTree = "<group>"; };
		526FD52B237D8089004151B3 /* MusicPlaybackViewController.swift */ = {isa = PBXFileReference; fileEncoding = 4; lastKnownFileType = sourcecode.swift; path = MusicPlaybackViewController.swift; sourceTree = "<group>"; };
		3F3E4EF4ABF2ABF36545D7F0 /* Pods_CrystalClear.framework */ = {isa = PBXFileReference; explicitFileType = wrapper.framework; includeInIndex = 0; path = Pods_CrystalClear.framework; sourceTree = BUILT_PRODUCTS_DIR; };
		3F870889237DA22C009A1172 /* Card.swift */ = {isa = PBXFileReference; lastKnownFileType = sourcecode.swift; path = Card.swift; sourceTree = "<group>"; };
		52972B6423798DF300A95BF2 /* CrystalClear.app */ = {isa = PBXFileReference; explicitFileType = wrapper.application; includeInIndex = 0; path = CrystalClear.app; sourceTree = BUILT_PRODUCTS_DIR; };
		52972B6723798DF300A95BF2 /* AppDelegate.swift */ = {isa = PBXFileReference; lastKnownFileType = sourcecode.swift; path = AppDelegate.swift; sourceTree = "<group>"; };
		52972B6923798DF300A95BF2 /* SceneDelegate.swift */ = {isa = PBXFileReference; lastKnownFileType = sourcecode.swift; path = SceneDelegate.swift; sourceTree = "<group>"; };
		52972B6B23798DF300A95BF2 /* FirstViewController.swift */ = {isa = PBXFileReference; lastKnownFileType = sourcecode.swift; path = FirstViewController.swift; sourceTree = "<group>"; };
		52972B6D23798DF300A95BF2 /* SecondViewController.swift */ = {isa = PBXFileReference; lastKnownFileType = sourcecode.swift; path = SecondViewController.swift; sourceTree = "<group>"; };
		52972B7023798DF300A95BF2 /* Base */ = {isa = PBXFileReference; lastKnownFileType = file.storyboard; name = Base; path = Base.lproj/Main.storyboard; sourceTree = "<group>"; };
		52972B7323798DF300A95BF2 /* CrystalClear.xcdatamodel */ = {isa = PBXFileReference; lastKnownFileType = wrapper.xcdatamodel; path = CrystalClear.xcdatamodel; sourceTree = "<group>"; };
		52972B7523798DF600A95BF2 /* Assets.xcassets */ = {isa = PBXFileReference; lastKnownFileType = folder.assetcatalog; path = Assets.xcassets; sourceTree = "<group>"; };
		52972B7823798DF600A95BF2 /* Base */ = {isa = PBXFileReference; lastKnownFileType = file.storyboard; name = Base; path = Base.lproj/LaunchScreen.storyboard; sourceTree = "<group>"; };
		52972B7A23798DF600A95BF2 /* Info.plist */ = {isa = PBXFileReference; lastKnownFileType = text.plist.xml; path = Info.plist; sourceTree = "<group>"; };
		52972B7F23798DF600A95BF2 /* CrystalClearTests.xctest */ = {isa = PBXFileReference; explicitFileType = wrapper.cfbundle; includeInIndex = 0; path = CrystalClearTests.xctest; sourceTree = BUILT_PRODUCTS_DIR; };
		52972B8323798DF600A95BF2 /* CrystalClearTests.swift */ = {isa = PBXFileReference; lastKnownFileType = sourcecode.swift; path = CrystalClearTests.swift; sourceTree = "<group>"; };
		52972B8523798DF600A95BF2 /* Info.plist */ = {isa = PBXFileReference; lastKnownFileType = text.plist.xml; path = Info.plist; sourceTree = "<group>"; };
		52972B8A23798DF600A95BF2 /* CrystalClearUITests.xctest */ = {isa = PBXFileReference; explicitFileType = wrapper.cfbundle; includeInIndex = 0; path = CrystalClearUITests.xctest; sourceTree = BUILT_PRODUCTS_DIR; };
		52972B8E23798DF600A95BF2 /* CrystalClearUITests.swift */ = {isa = PBXFileReference; lastKnownFileType = sourcecode.swift; path = CrystalClearUITests.swift; sourceTree = "<group>"; };
		52972B9023798DF600A95BF2 /* Info.plist */ = {isa = PBXFileReference; lastKnownFileType = text.plist.xml; path = Info.plist; sourceTree = "<group>"; };
		52972B9D237B083400A95BF2 /* ES_Thunderstorm Rain 2 - SFX Producer.mp3 */ = {isa = PBXFileReference; lastKnownFileType = audio.mp3; path = "ES_Thunderstorm Rain 2 - SFX Producer.mp3"; sourceTree = "<group>"; };
		52972B9F237C145D00A95BF2 /* test.mp3 */ = {isa = PBXFileReference; lastKnownFileType = audio.mp3; path = test.mp3; sourceTree = "<group>"; };
		52972BA3237C3AA000A95BF2 /* bensound-summer.mp3 */ = {isa = PBXFileReference; lastKnownFileType = audio.mp3; path = "bensound-summer.mp3"; sourceTree = "<group>"; };
		5E319129DED3034BB6414B5F /* Pods_CrystalClear_CrystalClearUITests.framework */ = {isa = PBXFileReference; explicitFileType = wrapper.framework; includeInIndex = 0; path = Pods_CrystalClear_CrystalClearUITests.framework; sourceTree = BUILT_PRODUCTS_DIR; };
		76BB9072902ABFD020C16811 /* Pods-CrystalClear.debug.xcconfig */ = {isa = PBXFileReference; includeInIndex = 1; lastKnownFileType = text.xcconfig; name = "Pods-CrystalClear.debug.xcconfig"; path = "Target Support Files/Pods-CrystalClear/Pods-CrystalClear.debug.xcconfig"; sourceTree = "<group>"; };
		BC6D42BECA6B082DBA348DAA /* Pods-CrystalClearTests.release.xcconfig */ = {isa = PBXFileReference; includeInIndex = 1; lastKnownFileType = text.xcconfig; name = "Pods-CrystalClearTests.release.xcconfig"; path = "Target Support Files/Pods-CrystalClearTests/Pods-CrystalClearTests.release.xcconfig"; sourceTree = "<group>"; };
		E07C71CBE6AEA18935630734 /* Pods-CrystalClearTests.debug.xcconfig */ = {isa = PBXFileReference; includeInIndex = 1; lastKnownFileType = text.xcconfig; name = "Pods-CrystalClearTests.debug.xcconfig"; path = "Target Support Files/Pods-CrystalClearTests/Pods-CrystalClearTests.debug.xcconfig"; sourceTree = "<group>"; };
		F10D71E43C6A5E6F930F348E /* Pods-CrystalClear-CrystalClearUITests.debug.xcconfig */ = {isa = PBXFileReference; includeInIndex = 1; lastKnownFileType = text.xcconfig; name = "Pods-CrystalClear-CrystalClearUITests.debug.xcconfig"; path = "Target Support Files/Pods-CrystalClear-CrystalClearUITests/Pods-CrystalClear-CrystalClearUITests.debug.xcconfig"; sourceTree = "<group>"; };
/* End PBXFileReference section */

/* Begin PBXFrameworksBuildPhase section */
		52972B6123798DF300A95BF2 /* Frameworks */ = {
			isa = PBXFrameworksBuildPhase;
			buildActionMask = 2147483647;
			files = (
				3F0138B0237C5F91001C9389 /* Pods_CrystalClear.framework in Frameworks */,
			);
			runOnlyForDeploymentPostprocessing = 0;
		};
		52972B7C23798DF600A95BF2 /* Frameworks */ = {
			isa = PBXFrameworksBuildPhase;
			buildActionMask = 2147483647;
			files = (
				0DFC680ED6E490899AF5BCB4 /* Pods_CrystalClearTests.framework in Frameworks */,
			);
			runOnlyForDeploymentPostprocessing = 0;
		};
		52972B8723798DF600A95BF2 /* Frameworks */ = {
			isa = PBXFrameworksBuildPhase;
			buildActionMask = 2147483647;
			files = (
				D965D775BF797A4ECEE28103 /* Pods_CrystalClear_CrystalClearUITests.framework in Frameworks */,
			);
			runOnlyForDeploymentPostprocessing = 0;
		};
/* End PBXFrameworksBuildPhase section */

/* Begin PBXGroup section */
		230CC979E675802477A45133 /* Frameworks */ = {
			isa = PBXGroup;
			children = (
				3F3E4EF4ABF2ABF36545D7F0 /* Pods_CrystalClear.framework */,
				5E319129DED3034BB6414B5F /* Pods_CrystalClear_CrystalClearUITests.framework */,
				07A4D4429E49E9F2B9A7DF4A /* Pods_CrystalClearTests.framework */,
			);
			name = Frameworks;
			sourceTree = "<group>";
		};
		52972B5B23798DF300A95BF2 = {
			isa = PBXGroup;
			children = (
				52972B6623798DF300A95BF2 /* CrystalClear */,
				52972B8223798DF600A95BF2 /* CrystalClearTests */,
				52972B8D23798DF600A95BF2 /* CrystalClearUITests */,
				52972B6523798DF300A95BF2 /* Products */,
				E7E183FC216A46C680D4B4B5 /* Pods */,
				230CC979E675802477A45133 /* Frameworks */,
			);
			sourceTree = "<group>";
		};
		52972B6523798DF300A95BF2 /* Products */ = {
			isa = PBXGroup;
			children = (
				52972B6423798DF300A95BF2 /* CrystalClear.app */,
				52972B7F23798DF600A95BF2 /* CrystalClearTests.xctest */,
				52972B8A23798DF600A95BF2 /* CrystalClearUITests.xctest */,
			);
			name = Products;
			sourceTree = "<group>";
		};
		52972B6623798DF300A95BF2 /* CrystalClear */ = {
			isa = PBXGroup;
			children = (
				52972B6723798DF300A95BF2 /* AppDelegate.swift */,
				52972B6923798DF300A95BF2 /* SceneDelegate.swift */,
				52972B6B23798DF300A95BF2 /* FirstViewController.swift */,
				52972B6D23798DF300A95BF2 /* SecondViewController.swift */,
				526FD52B237D8089004151B3 /* MusicPlaybackViewController.swift */,
				52972B6F23798DF300A95BF2 /* Main.storyboard */,
				3F870889237DA22C009A1172 /* Card.swift */,
				52972B7523798DF600A95BF2 /* Assets.xcassets */,
				52972B7723798DF600A95BF2 /* LaunchScreen.storyboard */,
				52972B7A23798DF600A95BF2 /* Info.plist */,
				52972B7223798DF300A95BF2 /* CrystalClear.xcdatamodeld */,
				10AF6F192379F43C00C27416 /* CustomTabBar.swift */,
				52972B9C237B083400A95BF2 /* Songs */,
				104844C4237D9CFA0089EDA2 /* RoundButton.swift */,
			);
			path = CrystalClear;
			sourceTree = "<group>";
		};
		52972B8223798DF600A95BF2 /* CrystalClearTests */ = {
			isa = PBXGroup;
			children = (
				52972B8323798DF600A95BF2 /* CrystalClearTests.swift */,
				52972B8523798DF600A95BF2 /* Info.plist */,
			);
			path = CrystalClearTests;
			sourceTree = "<group>";
		};
		52972B8D23798DF600A95BF2 /* CrystalClearUITests */ = {
			isa = PBXGroup;
			children = (
				52972B8E23798DF600A95BF2 /* CrystalClearUITests.swift */,
				52972B9023798DF600A95BF2 /* Info.plist */,
			);
			path = CrystalClearUITests;
			sourceTree = "<group>";
		};
		52972B9C237B083400A95BF2 /* Songs */ = {
			isa = PBXGroup;
			children = (
				52972BA3237C3AA000A95BF2 /* bensound-summer.mp3 */,
				52972B9F237C145D00A95BF2 /* test.mp3 */,
				52972B9D237B083400A95BF2 /* ES_Thunderstorm Rain 2 - SFX Producer.mp3 */,
			);
			name = Songs;
			path = ../../../../Desktop/Songs;
		E7E183FC216A46C680D4B4B5 /* Pods */ = {
			isa = PBXGroup;
			children = (
				76BB9072902ABFD020C16811 /* Pods-CrystalClear.debug.xcconfig */,
				0983B66B0CF1FC5EBB6A4207 /* Pods-CrystalClear.release.xcconfig */,
				F10D71E43C6A5E6F930F348E /* Pods-CrystalClear-CrystalClearUITests.debug.xcconfig */,
				08E6466C9E65DFBA05E679B4 /* Pods-CrystalClear-CrystalClearUITests.release.xcconfig */,
				E07C71CBE6AEA18935630734 /* Pods-CrystalClearTests.debug.xcconfig */,
				BC6D42BECA6B082DBA348DAA /* Pods-CrystalClearTests.release.xcconfig */,
			);
			path = Pods;
			sourceTree = "<group>";
		};
/* End PBXGroup section */

/* Begin PBXNativeTarget section */
		52972B6323798DF300A95BF2 /* CrystalClear */ = {
			isa = PBXNativeTarget;
			buildConfigurationList = 52972B9323798DF600A95BF2 /* Build configuration list for PBXNativeTarget "CrystalClear" */;
			buildPhases = (
				1999A7CBF0692A4E09A7E759 /* [CP] Check Pods Manifest.lock */,
				52972B6023798DF300A95BF2 /* Sources */,
				52972B6123798DF300A95BF2 /* Frameworks */,
				52972B6223798DF300A95BF2 /* Resources */,
				2B13059CAD1225C74E7E579A /* [CP] Embed Pods Frameworks */,
				3F0138B2237C5F91001C9389 /* Embed Frameworks */,
			);
			buildRules = (
			);
			dependencies = (
			);
			name = CrystalClear;
			productName = CrystalClear;
			productReference = 52972B6423798DF300A95BF2 /* CrystalClear.app */;
			productType = "com.apple.product-type.application";
		};
		52972B7E23798DF600A95BF2 /* CrystalClearTests */ = {
			isa = PBXNativeTarget;
			buildConfigurationList = 52972B9623798DF600A95BF2 /* Build configuration list for PBXNativeTarget "CrystalClearTests" */;
			buildPhases = (
				2191FC0F2BC4A783310C730F /* [CP] Check Pods Manifest.lock */,
				52972B7B23798DF600A95BF2 /* Sources */,
				52972B7C23798DF600A95BF2 /* Frameworks */,
				52972B7D23798DF600A95BF2 /* Resources */,
			);
			buildRules = (
			);
			dependencies = (
				52972B8123798DF600A95BF2 /* PBXTargetDependency */,
			);
			name = CrystalClearTests;
			productName = CrystalClearTests;
			productReference = 52972B7F23798DF600A95BF2 /* CrystalClearTests.xctest */;
			productType = "com.apple.product-type.bundle.unit-test";
		};
		52972B8923798DF600A95BF2 /* CrystalClearUITests */ = {
			isa = PBXNativeTarget;
			buildConfigurationList = 52972B9923798DF600A95BF2 /* Build configuration list for PBXNativeTarget "CrystalClearUITests" */;
			buildPhases = (
				2CB1D2F8B5AB5F7A89E91ACF /* [CP] Check Pods Manifest.lock */,
				52972B8623798DF600A95BF2 /* Sources */,
				52972B8723798DF600A95BF2 /* Frameworks */,
				52972B8823798DF600A95BF2 /* Resources */,
				3CAC24F6D6891D02EDA8F616 /* [CP] Embed Pods Frameworks */,
			);
			buildRules = (
			);
			dependencies = (
				52972B8C23798DF600A95BF2 /* PBXTargetDependency */,
			);
			name = CrystalClearUITests;
			productName = CrystalClearUITests;
			productReference = 52972B8A23798DF600A95BF2 /* CrystalClearUITests.xctest */;
			productType = "com.apple.product-type.bundle.ui-testing";
		};
/* End PBXNativeTarget section */

/* Begin PBXProject section */
		52972B5C23798DF300A95BF2 /* Project object */ = {
			isa = PBXProject;
			attributes = {
				LastSwiftUpdateCheck = 1110;
				LastUpgradeCheck = 1110;
				ORGANIZATIONNAME = "Makers September 2019 Cohort";
				TargetAttributes = {
					52972B6323798DF300A95BF2 = {
						CreatedOnToolsVersion = 11.1;
					};
					52972B7E23798DF600A95BF2 = {
						CreatedOnToolsVersion = 11.1;
						TestTargetID = 52972B6323798DF300A95BF2;
					};
					52972B8923798DF600A95BF2 = {
						CreatedOnToolsVersion = 11.1;
						TestTargetID = 52972B6323798DF300A95BF2;
					};
				};
			};
			buildConfigurationList = 52972B5F23798DF300A95BF2 /* Build configuration list for PBXProject "CrystalClear" */;
			compatibilityVersion = "Xcode 9.3";
			developmentRegion = en;
			hasScannedForEncodings = 0;
			knownRegions = (
				en,
				Base,
			);
			mainGroup = 52972B5B23798DF300A95BF2;
			productRefGroup = 52972B6523798DF300A95BF2 /* Products */;
			projectDirPath = "";
			projectRoot = "";
			targets = (
				52972B6323798DF300A95BF2 /* CrystalClear */,
				52972B7E23798DF600A95BF2 /* CrystalClearTests */,
				52972B8923798DF600A95BF2 /* CrystalClearUITests */,
			);
		};
/* End PBXProject section */

/* Begin PBXResourcesBuildPhase section */
		52972B6223798DF300A95BF2 /* Resources */ = {
			isa = PBXResourcesBuildPhase;
			buildActionMask = 2147483647;
			files = (
				52972B7923798DF600A95BF2 /* LaunchScreen.storyboard in Resources */,
				52972BA0237C145D00A95BF2 /* test.mp3 in Resources */,
				52972B9E237B083400A95BF2 /* ES_Thunderstorm Rain 2 - SFX Producer.mp3 in Resources */,
				52972B7623798DF600A95BF2 /* Assets.xcassets in Resources */,
				52972B7123798DF300A95BF2 /* Main.storyboard in Resources */,
				52972BA4237C3AA000A95BF2 /* bensound-summer.mp3 in Resources */,
			);
			runOnlyForDeploymentPostprocessing = 0;
		};
		52972B7D23798DF600A95BF2 /* Resources */ = {
			isa = PBXResourcesBuildPhase;
			buildActionMask = 2147483647;
			files = (
			);
			runOnlyForDeploymentPostprocessing = 0;
		};
		52972B8823798DF600A95BF2 /* Resources */ = {
			isa = PBXResourcesBuildPhase;
			buildActionMask = 2147483647;
			files = (
			);
			runOnlyForDeploymentPostprocessing = 0;
		};
/* End PBXResourcesBuildPhase section */

/* Begin PBXShellScriptBuildPhase section */
		1999A7CBF0692A4E09A7E759 /* [CP] Check Pods Manifest.lock */ = {
			isa = PBXShellScriptBuildPhase;
			buildActionMask = 2147483647;
			files = (
			);
			inputFileListPaths = (
			);
			inputPaths = (
				"${PODS_PODFILE_DIR_PATH}/Podfile.lock",
				"${PODS_ROOT}/Manifest.lock",
			);
			name = "[CP] Check Pods Manifest.lock";
			outputFileListPaths = (
			);
			outputPaths = (
				"$(DERIVED_FILE_DIR)/Pods-CrystalClear-checkManifestLockResult.txt",
			);
			runOnlyForDeploymentPostprocessing = 0;
			shellPath = /bin/sh;
			shellScript = "diff \"${PODS_PODFILE_DIR_PATH}/Podfile.lock\" \"${PODS_ROOT}/Manifest.lock\" > /dev/null\nif [ $? != 0 ] ; then\n    # print error to STDERR\n    echo \"error: The sandbox is not in sync with the Podfile.lock. Run 'pod install' or update your CocoaPods installation.\" >&2\n    exit 1\nfi\n# This output is used by Xcode 'outputs' to avoid re-running this script phase.\necho \"SUCCESS\" > \"${SCRIPT_OUTPUT_FILE_0}\"\n";
			showEnvVarsInLog = 0;
		};
		2191FC0F2BC4A783310C730F /* [CP] Check Pods Manifest.lock */ = {
			isa = PBXShellScriptBuildPhase;
			buildActionMask = 2147483647;
			files = (
			);
			inputFileListPaths = (
			);
			inputPaths = (
				"${PODS_PODFILE_DIR_PATH}/Podfile.lock",
				"${PODS_ROOT}/Manifest.lock",
			);
			name = "[CP] Check Pods Manifest.lock";
			outputFileListPaths = (
			);
			outputPaths = (
				"$(DERIVED_FILE_DIR)/Pods-CrystalClearTests-checkManifestLockResult.txt",
			);
			runOnlyForDeploymentPostprocessing = 0;
			shellPath = /bin/sh;
			shellScript = "diff \"${PODS_PODFILE_DIR_PATH}/Podfile.lock\" \"${PODS_ROOT}/Manifest.lock\" > /dev/null\nif [ $? != 0 ] ; then\n    # print error to STDERR\n    echo \"error: The sandbox is not in sync with the Podfile.lock. Run 'pod install' or update your CocoaPods installation.\" >&2\n    exit 1\nfi\n# This output is used by Xcode 'outputs' to avoid re-running this script phase.\necho \"SUCCESS\" > \"${SCRIPT_OUTPUT_FILE_0}\"\n";
			showEnvVarsInLog = 0;
		};
		2B13059CAD1225C74E7E579A /* [CP] Embed Pods Frameworks */ = {
			isa = PBXShellScriptBuildPhase;
			buildActionMask = 2147483647;
			files = (
			);
			inputFileListPaths = (
				"${PODS_ROOT}/Target Support Files/Pods-CrystalClear/Pods-CrystalClear-frameworks-${CONFIGURATION}-input-files.xcfilelist",
			);
			name = "[CP] Embed Pods Frameworks";
			outputFileListPaths = (
				"${PODS_ROOT}/Target Support Files/Pods-CrystalClear/Pods-CrystalClear-frameworks-${CONFIGURATION}-output-files.xcfilelist",
			);
			runOnlyForDeploymentPostprocessing = 0;
			shellPath = /bin/sh;
			shellScript = "\"${PODS_ROOT}/Target Support Files/Pods-CrystalClear/Pods-CrystalClear-frameworks.sh\"\n";
			showEnvVarsInLog = 0;
		};
		2CB1D2F8B5AB5F7A89E91ACF /* [CP] Check Pods Manifest.lock */ = {
			isa = PBXShellScriptBuildPhase;
			buildActionMask = 2147483647;
			files = (
			);
			inputFileListPaths = (
			);
			inputPaths = (
				"${PODS_PODFILE_DIR_PATH}/Podfile.lock",
				"${PODS_ROOT}/Manifest.lock",
			);
			name = "[CP] Check Pods Manifest.lock";
			outputFileListPaths = (
			);
			outputPaths = (
				"$(DERIVED_FILE_DIR)/Pods-CrystalClear-CrystalClearUITests-checkManifestLockResult.txt",
			);
			runOnlyForDeploymentPostprocessing = 0;
			shellPath = /bin/sh;
			shellScript = "diff \"${PODS_PODFILE_DIR_PATH}/Podfile.lock\" \"${PODS_ROOT}/Manifest.lock\" > /dev/null\nif [ $? != 0 ] ; then\n    # print error to STDERR\n    echo \"error: The sandbox is not in sync with the Podfile.lock. Run 'pod install' or update your CocoaPods installation.\" >&2\n    exit 1\nfi\n# This output is used by Xcode 'outputs' to avoid re-running this script phase.\necho \"SUCCESS\" > \"${SCRIPT_OUTPUT_FILE_0}\"\n";
			showEnvVarsInLog = 0;
		};
		3CAC24F6D6891D02EDA8F616 /* [CP] Embed Pods Frameworks */ = {
			isa = PBXShellScriptBuildPhase;
			buildActionMask = 2147483647;
			files = (
			);
			inputFileListPaths = (
				"${PODS_ROOT}/Target Support Files/Pods-CrystalClear-CrystalClearUITests/Pods-CrystalClear-CrystalClearUITests-frameworks-${CONFIGURATION}-input-files.xcfilelist",
			);
			name = "[CP] Embed Pods Frameworks";
			outputFileListPaths = (
				"${PODS_ROOT}/Target Support Files/Pods-CrystalClear-CrystalClearUITests/Pods-CrystalClear-CrystalClearUITests-frameworks-${CONFIGURATION}-output-files.xcfilelist",
			);
			runOnlyForDeploymentPostprocessing = 0;
			shellPath = /bin/sh;
			shellScript = "\"${PODS_ROOT}/Target Support Files/Pods-CrystalClear-CrystalClearUITests/Pods-CrystalClear-CrystalClearUITests-frameworks.sh\"\n";
			showEnvVarsInLog = 0;
		};
/* End PBXShellScriptBuildPhase section */

/* Begin PBXSourcesBuildPhase section */
		52972B6023798DF300A95BF2 /* Sources */ = {
			isa = PBXSourcesBuildPhase;
			buildActionMask = 2147483647;
			files = (
				52972B6E23798DF300A95BF2 /* SecondViewController.swift in Sources */,
				52972B7423798DF300A95BF2 /* CrystalClear.xcdatamodeld in Sources */,
				104844C5237D9CFA0089EDA2 /* RoundButton.swift in Sources */,
				52972B6C23798DF300A95BF2 /* FirstViewController.swift in Sources */,
				526FD52C237D8089004151B3 /* MusicPlaybackViewController.swift in Sources */,
				52972B6823798DF300A95BF2 /* AppDelegate.swift in Sources */,
				10AF6F1A2379F43C00C27416 /* CustomTabBar.swift in Sources */,
				52972B6A23798DF300A95BF2 /* SceneDelegate.swift in Sources */,
				3F87088A237DA22C009A1172 /* Card.swift in Sources */,
			);
			runOnlyForDeploymentPostprocessing = 0;
		};
		52972B7B23798DF600A95BF2 /* Sources */ = {
			isa = PBXSourcesBuildPhase;
			buildActionMask = 2147483647;
			files = (
				52972B8423798DF600A95BF2 /* CrystalClearTests.swift in Sources */,
			);
			runOnlyForDeploymentPostprocessing = 0;
		};
		52972B8623798DF600A95BF2 /* Sources */ = {
			isa = PBXSourcesBuildPhase;
			buildActionMask = 2147483647;
			files = (
				52972B8F23798DF600A95BF2 /* CrystalClearUITests.swift in Sources */,
			);
			runOnlyForDeploymentPostprocessing = 0;
		};
/* End PBXSourcesBuildPhase section */

/* Begin PBXTargetDependency section */
		52972B8123798DF600A95BF2 /* PBXTargetDependency */ = {
			isa = PBXTargetDependency;
			target = 52972B6323798DF300A95BF2 /* CrystalClear */;
			targetProxy = 52972B8023798DF600A95BF2 /* PBXContainerItemProxy */;
		};
		52972B8C23798DF600A95BF2 /* PBXTargetDependency */ = {
			isa = PBXTargetDependency;
			target = 52972B6323798DF300A95BF2 /* CrystalClear */;
			targetProxy = 52972B8B23798DF600A95BF2 /* PBXContainerItemProxy */;
		};
/* End PBXTargetDependency section */

/* Begin PBXVariantGroup section */
		52972B6F23798DF300A95BF2 /* Main.storyboard */ = {
			isa = PBXVariantGroup;
			children = (
				52972B7023798DF300A95BF2 /* Base */,
			);
			name = Main.storyboard;
			sourceTree = "<group>";
		};
		52972B7723798DF600A95BF2 /* LaunchScreen.storyboard */ = {
			isa = PBXVariantGroup;
			children = (
				52972B7823798DF600A95BF2 /* Base */,
			);
			name = LaunchScreen.storyboard;
			sourceTree = "<group>";
		};
/* End PBXVariantGroup section */

/* Begin XCBuildConfiguration section */
		52972B9123798DF600A95BF2 /* Debug */ = {
			isa = XCBuildConfiguration;
			buildSettings = {
				ALWAYS_SEARCH_USER_PATHS = NO;
				CLANG_ANALYZER_NONNULL = YES;
				CLANG_ANALYZER_NUMBER_OBJECT_CONVERSION = YES_AGGRESSIVE;
				CLANG_CXX_LANGUAGE_STANDARD = "gnu++14";
				CLANG_CXX_LIBRARY = "libc++";
				CLANG_ENABLE_MODULES = YES;
				CLANG_ENABLE_OBJC_ARC = YES;
				CLANG_ENABLE_OBJC_WEAK = YES;
				CLANG_WARN_BLOCK_CAPTURE_AUTORELEASING = YES;
				CLANG_WARN_BOOL_CONVERSION = YES;
				CLANG_WARN_COMMA = YES;
				CLANG_WARN_CONSTANT_CONVERSION = YES;
				CLANG_WARN_DEPRECATED_OBJC_IMPLEMENTATIONS = YES;
				CLANG_WARN_DIRECT_OBJC_ISA_USAGE = YES_ERROR;
				CLANG_WARN_DOCUMENTATION_COMMENTS = YES;
				CLANG_WARN_EMPTY_BODY = YES;
				CLANG_WARN_ENUM_CONVERSION = YES;
				CLANG_WARN_INFINITE_RECURSION = YES;
				CLANG_WARN_INT_CONVERSION = YES;
				CLANG_WARN_NON_LITERAL_NULL_CONVERSION = YES;
				CLANG_WARN_OBJC_IMPLICIT_RETAIN_SELF = YES;
				CLANG_WARN_OBJC_LITERAL_CONVERSION = YES;
				CLANG_WARN_OBJC_ROOT_CLASS = YES_ERROR;
				CLANG_WARN_RANGE_LOOP_ANALYSIS = YES;
				CLANG_WARN_STRICT_PROTOTYPES = YES;
				CLANG_WARN_SUSPICIOUS_MOVE = YES;
				CLANG_WARN_UNGUARDED_AVAILABILITY = YES_AGGRESSIVE;
				CLANG_WARN_UNREACHABLE_CODE = YES;
				CLANG_WARN__DUPLICATE_METHOD_MATCH = YES;
				COPY_PHASE_STRIP = NO;
				DEBUG_INFORMATION_FORMAT = dwarf;
				ENABLE_STRICT_OBJC_MSGSEND = YES;
				ENABLE_TESTABILITY = YES;
				GCC_C_LANGUAGE_STANDARD = gnu11;
				GCC_DYNAMIC_NO_PIC = NO;
				GCC_NO_COMMON_BLOCKS = YES;
				GCC_OPTIMIZATION_LEVEL = 0;
				GCC_PREPROCESSOR_DEFINITIONS = (
					"DEBUG=1",
					"$(inherited)",
				);
				GCC_WARN_64_TO_32_BIT_CONVERSION = YES;
				GCC_WARN_ABOUT_RETURN_TYPE = YES_ERROR;
				GCC_WARN_UNDECLARED_SELECTOR = YES;
				GCC_WARN_UNINITIALIZED_AUTOS = YES_AGGRESSIVE;
				GCC_WARN_UNUSED_FUNCTION = YES;
				GCC_WARN_UNUSED_VARIABLE = YES;
				IPHONEOS_DEPLOYMENT_TARGET = 13.1;
				MTL_ENABLE_DEBUG_INFO = INCLUDE_SOURCE;
				MTL_FAST_MATH = YES;
				ONLY_ACTIVE_ARCH = YES;
				SDKROOT = iphoneos;
				SWIFT_ACTIVE_COMPILATION_CONDITIONS = DEBUG;
				SWIFT_OPTIMIZATION_LEVEL = "-Onone";
			};
			name = Debug;
		};
		52972B9223798DF600A95BF2 /* Release */ = {
			isa = XCBuildConfiguration;
			buildSettings = {
				ALWAYS_SEARCH_USER_PATHS = NO;
				CLANG_ANALYZER_NONNULL = YES;
				CLANG_ANALYZER_NUMBER_OBJECT_CONVERSION = YES_AGGRESSIVE;
				CLANG_CXX_LANGUAGE_STANDARD = "gnu++14";
				CLANG_CXX_LIBRARY = "libc++";
				CLANG_ENABLE_MODULES = YES;
				CLANG_ENABLE_OBJC_ARC = YES;
				CLANG_ENABLE_OBJC_WEAK = YES;
				CLANG_WARN_BLOCK_CAPTURE_AUTORELEASING = YES;
				CLANG_WARN_BOOL_CONVERSION = YES;
				CLANG_WARN_COMMA = YES;
				CLANG_WARN_CONSTANT_CONVERSION = YES;
				CLANG_WARN_DEPRECATED_OBJC_IMPLEMENTATIONS = YES;
				CLANG_WARN_DIRECT_OBJC_ISA_USAGE = YES_ERROR;
				CLANG_WARN_DOCUMENTATION_COMMENTS = YES;
				CLANG_WARN_EMPTY_BODY = YES;
				CLANG_WARN_ENUM_CONVERSION = YES;
				CLANG_WARN_INFINITE_RECURSION = YES;
				CLANG_WARN_INT_CONVERSION = YES;
				CLANG_WARN_NON_LITERAL_NULL_CONVERSION = YES;
				CLANG_WARN_OBJC_IMPLICIT_RETAIN_SELF = YES;
				CLANG_WARN_OBJC_LITERAL_CONVERSION = YES;
				CLANG_WARN_OBJC_ROOT_CLASS = YES_ERROR;
				CLANG_WARN_RANGE_LOOP_ANALYSIS = YES;
				CLANG_WARN_STRICT_PROTOTYPES = YES;
				CLANG_WARN_SUSPICIOUS_MOVE = YES;
				CLANG_WARN_UNGUARDED_AVAILABILITY = YES_AGGRESSIVE;
				CLANG_WARN_UNREACHABLE_CODE = YES;
				CLANG_WARN__DUPLICATE_METHOD_MATCH = YES;
				COPY_PHASE_STRIP = NO;
				DEBUG_INFORMATION_FORMAT = "dwarf-with-dsym";
				ENABLE_NS_ASSERTIONS = NO;
				ENABLE_STRICT_OBJC_MSGSEND = YES;
				GCC_C_LANGUAGE_STANDARD = gnu11;
				GCC_NO_COMMON_BLOCKS = YES;
				GCC_WARN_64_TO_32_BIT_CONVERSION = YES;
				GCC_WARN_ABOUT_RETURN_TYPE = YES_ERROR;
				GCC_WARN_UNDECLARED_SELECTOR = YES;
				GCC_WARN_UNINITIALIZED_AUTOS = YES_AGGRESSIVE;
				GCC_WARN_UNUSED_FUNCTION = YES;
				GCC_WARN_UNUSED_VARIABLE = YES;
				IPHONEOS_DEPLOYMENT_TARGET = 13.1;
				MTL_ENABLE_DEBUG_INFO = NO;
				MTL_FAST_MATH = YES;
				SDKROOT = iphoneos;
				SWIFT_COMPILATION_MODE = wholemodule;
				SWIFT_OPTIMIZATION_LEVEL = "-O";
				VALIDATE_PRODUCT = YES;
			};
			name = Release;
		};
		52972B9423798DF600A95BF2 /* Debug */ = {
			isa = XCBuildConfiguration;
			baseConfigurationReference = 76BB9072902ABFD020C16811 /* Pods-CrystalClear.debug.xcconfig */;
			buildSettings = {
				ASSETCATALOG_COMPILER_APPICON_NAME = AppIcon;
				CODE_SIGN_STYLE = Automatic;
				DEVELOPMENT_TEAM = "";
				INFOPLIST_FILE = CrystalClear/Info.plist;
				LD_RUNPATH_SEARCH_PATHS = (
					"$(inherited)",
					"@executable_path/Frameworks",
				);
				PRODUCT_BUNDLE_IDENTIFIER = makers.CrystalClear;
				PRODUCT_NAME = "$(TARGET_NAME)";
				SWIFT_VERSION = 5.0;
				TARGETED_DEVICE_FAMILY = "1,2";
			};
			name = Debug;
		};
		52972B9523798DF600A95BF2 /* Release */ = {
			isa = XCBuildConfiguration;
			baseConfigurationReference = 0983B66B0CF1FC5EBB6A4207 /* Pods-CrystalClear.release.xcconfig */;
			buildSettings = {
				ASSETCATALOG_COMPILER_APPICON_NAME = AppIcon;
				CODE_SIGN_STYLE = Automatic;
				DEVELOPMENT_TEAM = "";
				INFOPLIST_FILE = CrystalClear/Info.plist;
				LD_RUNPATH_SEARCH_PATHS = (
					"$(inherited)",
					"@executable_path/Frameworks",
				);
				PRODUCT_BUNDLE_IDENTIFIER = makers.CrystalClear;
				PRODUCT_NAME = "$(TARGET_NAME)";
				SWIFT_VERSION = 5.0;
				TARGETED_DEVICE_FAMILY = "1,2";
			};
			name = Release;
		};
		52972B9723798DF600A95BF2 /* Debug */ = {
			isa = XCBuildConfiguration;
			baseConfigurationReference = E07C71CBE6AEA18935630734 /* Pods-CrystalClearTests.debug.xcconfig */;
			buildSettings = {
				ALWAYS_EMBED_SWIFT_STANDARD_LIBRARIES = YES;
				BUNDLE_LOADER = "$(TEST_HOST)";
				CODE_SIGN_STYLE = Automatic;
				INFOPLIST_FILE = CrystalClearTests/Info.plist;
				IPHONEOS_DEPLOYMENT_TARGET = 13.1;
				LD_RUNPATH_SEARCH_PATHS = (
					"$(inherited)",
					"@executable_path/Frameworks",
					"@loader_path/Frameworks",
				);
				PRODUCT_BUNDLE_IDENTIFIER = makers.september.2019.cohort.CrystalClearTests;
				PRODUCT_NAME = "$(TARGET_NAME)";
				SWIFT_VERSION = 5.0;
				TARGETED_DEVICE_FAMILY = "1,2";
				TEST_HOST = "$(BUILT_PRODUCTS_DIR)/CrystalClear.app/CrystalClear";
			};
			name = Debug;
		};
		52972B9823798DF600A95BF2 /* Release */ = {
			isa = XCBuildConfiguration;
			baseConfigurationReference = BC6D42BECA6B082DBA348DAA /* Pods-CrystalClearTests.release.xcconfig */;
			buildSettings = {
				ALWAYS_EMBED_SWIFT_STANDARD_LIBRARIES = YES;
				BUNDLE_LOADER = "$(TEST_HOST)";
				CODE_SIGN_STYLE = Automatic;
				INFOPLIST_FILE = CrystalClearTests/Info.plist;
				IPHONEOS_DEPLOYMENT_TARGET = 13.1;
				LD_RUNPATH_SEARCH_PATHS = (
					"$(inherited)",
					"@executable_path/Frameworks",
					"@loader_path/Frameworks",
				);
				PRODUCT_BUNDLE_IDENTIFIER = makers.september.2019.cohort.CrystalClearTests;
				PRODUCT_NAME = "$(TARGET_NAME)";
				SWIFT_VERSION = 5.0;
				TARGETED_DEVICE_FAMILY = "1,2";
				TEST_HOST = "$(BUILT_PRODUCTS_DIR)/CrystalClear.app/CrystalClear";
			};
			name = Release;
		};
		52972B9A23798DF600A95BF2 /* Debug */ = {
			isa = XCBuildConfiguration;
			baseConfigurationReference = F10D71E43C6A5E6F930F348E /* Pods-CrystalClear-CrystalClearUITests.debug.xcconfig */;
			buildSettings = {
				ALWAYS_EMBED_SWIFT_STANDARD_LIBRARIES = YES;
				CODE_SIGN_STYLE = Automatic;
				INFOPLIST_FILE = CrystalClearUITests/Info.plist;
				LD_RUNPATH_SEARCH_PATHS = (
					"$(inherited)",
					"@executable_path/Frameworks",
					"@loader_path/Frameworks",
				);
				PRODUCT_BUNDLE_IDENTIFIER = makers.september.2019.cohort.CrystalClearUITests;
				PRODUCT_NAME = "$(TARGET_NAME)";
				SWIFT_VERSION = 5.0;
				TARGETED_DEVICE_FAMILY = "1,2";
				TEST_TARGET_NAME = CrystalClear;
			};
			name = Debug;
		};
		52972B9B23798DF600A95BF2 /* Release */ = {
			isa = XCBuildConfiguration;
			baseConfigurationReference = 08E6466C9E65DFBA05E679B4 /* Pods-CrystalClear-CrystalClearUITests.release.xcconfig */;
			buildSettings = {
				ALWAYS_EMBED_SWIFT_STANDARD_LIBRARIES = YES;
				CODE_SIGN_STYLE = Automatic;
				INFOPLIST_FILE = CrystalClearUITests/Info.plist;
				LD_RUNPATH_SEARCH_PATHS = (
					"$(inherited)",
					"@executable_path/Frameworks",
					"@loader_path/Frameworks",
				);
				PRODUCT_BUNDLE_IDENTIFIER = makers.september.2019.cohort.CrystalClearUITests;
				PRODUCT_NAME = "$(TARGET_NAME)";
				SWIFT_VERSION = 5.0;
				TARGETED_DEVICE_FAMILY = "1,2";
				TEST_TARGET_NAME = CrystalClear;
			};
			name = Release;
		};
/* End XCBuildConfiguration section */

/* Begin XCConfigurationList section */
		52972B5F23798DF300A95BF2 /* Build configuration list for PBXProject "CrystalClear" */ = {
			isa = XCConfigurationList;
			buildConfigurations = (
				52972B9123798DF600A95BF2 /* Debug */,
				52972B9223798DF600A95BF2 /* Release */,
			);
			defaultConfigurationIsVisible = 0;
			defaultConfigurationName = Release;
		};
		52972B9323798DF600A95BF2 /* Build configuration list for PBXNativeTarget "CrystalClear" */ = {
			isa = XCConfigurationList;
			buildConfigurations = (
				52972B9423798DF600A95BF2 /* Debug */,
				52972B9523798DF600A95BF2 /* Release */,
			);
			defaultConfigurationIsVisible = 0;
			defaultConfigurationName = Release;
		};
		52972B9623798DF600A95BF2 /* Build configuration list for PBXNativeTarget "CrystalClearTests" */ = {
			isa = XCConfigurationList;
			buildConfigurations = (
				52972B9723798DF600A95BF2 /* Debug */,
				52972B9823798DF600A95BF2 /* Release */,
			);
			defaultConfigurationIsVisible = 0;
			defaultConfigurationName = Release;
		};
		52972B9923798DF600A95BF2 /* Build configuration list for PBXNativeTarget "CrystalClearUITests" */ = {
			isa = XCConfigurationList;
			buildConfigurations = (
				52972B9A23798DF600A95BF2 /* Debug */,
				52972B9B23798DF600A95BF2 /* Release */,
			);
			defaultConfigurationIsVisible = 0;
			defaultConfigurationName = Release;
		};
/* End XCConfigurationList section */

/* Begin XCVersionGroup section */
		52972B7223798DF300A95BF2 /* CrystalClear.xcdatamodeld */ = {
			isa = XCVersionGroup;
			children = (
				52972B7323798DF300A95BF2 /* CrystalClear.xcdatamodel */,
			);
			currentVersion = 52972B7323798DF300A95BF2 /* CrystalClear.xcdatamodel */;
			path = CrystalClear.xcdatamodeld;
			sourceTree = "<group>";
			versionGroupType = wrapper.xcdatamodel;
		};
/* End XCVersionGroup section */
	};
	rootObject = 52972B5C23798DF300A95BF2 /* Project object */;
}
